<?xml version="1.0" encoding="utf-8"?>
<Project ToolsVersion="4.0" xmlns="http://schemas.microsoft.com/developer/msbuild/2003">
  <ItemGroup>
    <Filter Include="Fichiers sources">
      <UniqueIdentifier>{4FC737F1-C7A5-4376-A066-2A32D752A2FF}</UniqueIdentifier>
      <Extensions>cpp;c;cc;cxx;c++;cppm;ixx;def;odl;idl;hpj;bat;asm;asmx</Extensions>
    </Filter>
    <Filter Include="Fichiers d%27en-tête">
      <UniqueIdentifier>{93995380-89BD-4b04-88EB-625FBE52EBFB}</UniqueIdentifier>
      <Extensions>h;hh;hpp;hxx;h++;hm;inl;inc;ipp;xsd</Extensions>
    </Filter>
    <Filter Include="Fichiers de ressources">
      <UniqueIdentifier>{67DA6AB6-F800-4c08-8B7A-83BB121AAD01}</UniqueIdentifier>
      <Extensions>rc;ico;cur;bmp;dlg;rc2;rct;bin;rgs;gif;jpg;jpeg;jpe;resx;tiff;tif;png;wav;mfcribbon-ms</Extensions>
    </Filter>
    <Filter Include="Fichiers sources\Engine">
      <UniqueIdentifier>{ec8cce22-e505-42ba-82e8-867d0fc43189}</UniqueIdentifier>
    </Filter>
    <Filter Include="Fichiers d%27en-tête\Engine">
      <UniqueIdentifier>{7d84b7b6-36b6-4801-855a-cb184b766d7d}</UniqueIdentifier>
    </Filter>
    <Filter Include="Fichiers sources\Engine\Graphics">
      <UniqueIdentifier>{ce230670-079b-4bd0-aae2-425deaf39516}</UniqueIdentifier>
    </Filter>
    <Filter Include="Fichiers d%27en-tête\Engine\Graphics">
      <UniqueIdentifier>{99b81689-659b-4dcc-91c8-32e6198b3efa}</UniqueIdentifier>
    </Filter>
    <Filter Include="Fichiers d%27en-tête\State Machine">
      <UniqueIdentifier>{74e13be5-d115-4ee0-9c4d-b4db66ed5660}</UniqueIdentifier>
    </Filter>
    <Filter Include="Fichiers sources\State Machine">
      <UniqueIdentifier>{b0d7b790-d5c3-4ae7-87e6-1e4fb5a7c3cd}</UniqueIdentifier>
    </Filter>
  </ItemGroup>
  <ItemGroup>
    <ClCompile Include="main.cpp">
      <Filter>Fichiers sources</Filter>
    </ClCompile>
    <ClCompile Include="Graphics.cpp">
      <Filter>Fichiers sources\Engine</Filter>
    </ClCompile>
    <ClCompile Include="Physics.cpp">
      <Filter>Fichiers sources\Engine</Filter>
    </ClCompile>
    <ClCompile Include="ShapeDrawer.cpp">
      <Filter>Fichiers sources\Engine\Graphics</Filter>
    </ClCompile>
    <ClCompile Include="GameManager.cpp">
      <Filter>Fichiers sources</Filter>
    </ClCompile>
    <ClCompile Include="Entity.cpp">
      <Filter>Fichiers sources</Filter>
    </ClCompile>
    <ClCompile Include="Ball.cpp">
      <Filter>Fichiers sources</Filter>
    </ClCompile>
    <ClCompile Include="Player.cpp">
      <Filter>Fichiers sources</Filter>
    </ClCompile>
    <ClCompile Include="Utils.cpp">
      <Filter>Fichiers sources</Filter>
    </ClCompile>
    <ClCompile Include="StateMachine\Transition.cpp">
      <Filter>Fichiers sources\State Machine</Filter>
    </ClCompile>
    <ClCompile Include="StateMachine\Behaviour.cpp">
      <Filter>Fichiers sources\State Machine</Filter>
    </ClCompile>
  </ItemGroup>
  <ItemGroup>
    <ClInclude Include="Graphics.h">
      <Filter>Fichiers d%27en-tête\Engine</Filter>
    </ClInclude>
    <ClInclude Include="libraries.h">
      <Filter>Fichiers d%27en-tête\Engine</Filter>
    </ClInclude>
    <ClInclude Include="Physics.h">
      <Filter>Fichiers d%27en-tête\Engine</Filter>
    </ClInclude>
    <ClInclude Include="ShapeDrawer.h">
      <Filter>Fichiers d%27en-tête\Engine\Graphics</Filter>
    </ClInclude>
    <ClInclude Include="Utils.hpp">
      <Filter>Fichiers d%27en-tête</Filter>
    </ClInclude>
    <ClInclude Include="Ball.hpp">
      <Filter>Fichiers d%27en-tête</Filter>
    </ClInclude>
    <ClInclude Include="Context.hpp">
      <Filter>Fichiers d%27en-tête</Filter>
    </ClInclude>
    <ClInclude Include="Entity.hpp">
      <Filter>Fichiers d%27en-tête</Filter>
    </ClInclude>
    <ClInclude Include="GameManager.hpp">
      <Filter>Fichiers d%27en-tête</Filter>
    </ClInclude>
    <ClInclude Include="Player.hpp">
      <Filter>Fichiers d%27en-tête</Filter>
    </ClInclude>
    <ClInclude Include="StateMachine\Behaviour.hpp">
      <Filter>Fichiers d%27en-tête\State Machine</Filter>
    </ClInclude>
    <ClInclude Include="StateMachine\Condition.hpp">
      <Filter>Fichiers d%27en-tête\State Machine</Filter>
    </ClInclude>
    <ClInclude Include="StateMachine\Transition.hpp">
      <Filter>Fichiers d%27en-tête\State Machine</Filter>
    </ClInclude>
    <ClInclude Include="StateMachine\Action.hpp">
      <Filter>Fichiers d%27en-tête\State Machine</Filter>
    </ClInclude>
  </ItemGroup>
</Project>